// !$*UTF8*$!
{
	archiveVersion = 1;
	classes = {
	};
	objectVersion = 46;
	objects = {

/* Begin PBXBuildFile section */
		18D5E6411C0DAE6F00060300 /* AppDelegate.swift in Sources */ = {isa = PBXBuildFile; fileRef = 18D5E6401C0DAE6F00060300 /* AppDelegate.swift */; };
		18D5E6431C0DAE6F00060300 /* ViewController.swift in Sources */ = {isa = PBXBuildFile; fileRef = 18D5E6421C0DAE6F00060300 /* ViewController.swift */; };
		18D5E6461C0DAE6F00060300 /* Main.storyboard in Resources */ = {isa = PBXBuildFile; fileRef = 18D5E6441C0DAE6F00060300 /* Main.storyboard */; };
		18D5E6481C0DAE6F00060300 /* Assets.xcassets in Resources */ = {isa = PBXBuildFile; fileRef = 18D5E6471C0DAE6F00060300 /* Assets.xcassets */; };
		18D5E64B1C0DAE6F00060300 /* LaunchScreen.storyboard in Resources */ = {isa = PBXBuildFile; fileRef = 18D5E6491C0DAE6F00060300 /* LaunchScreen.storyboard */; };
		18D5E6541C0DAEFD00060300 /* UIViewController+GSAlert.swift in Sources */ = {isa = PBXBuildFile; fileRef = 18D5E6531C0DAEFD00060300 /* UIViewController+GSAlert.swift */; };
		18D5E6561C0DAF6B00060300 /* GSAlert7Helper.swift in Sources */ = {isa = PBXBuildFile; fileRef = 18D5E6551C0DAF6B00060300 /* GSAlert7Helper.swift */; };
		18D5E6581C0DAF8700060300 /* GSAlertDefine.swift in Sources */ = {isa = PBXBuildFile; fileRef = 18D5E6571C0DAF8700060300 /* GSAlertDefine.swift */; };
		18EDED681C0ED7AE00736136 /* GSAlert8Helper.swift in Sources */ = {isa = PBXBuildFile; fileRef = 18EDED671C0ED7AE00736136 /* GSAlert8Helper.swift */; };
		18EDED6A1C0EDDCC00736136 /* UIView+GSAlert.swift in Sources */ = {isa = PBXBuildFile; fileRef = 18EDED691C0EDDCC00736136 /* UIView+GSAlert.swift */; };
/* End PBXBuildFile section */

/* Begin PBXFileReference section */
		18D5E63D1C0DAE6F00060300 /* GSAlertExample.app */ = {isa = PBXFileReference; explicitFileType = wrapper.application; includeInIndex = 0; path = GSAlertExample.app; sourceTree = BUILT_PRODUCTS_DIR; };
		18D5E6401C0DAE6F00060300 /* AppDelegate.swift */ = {isa = PBXFileReference; lastKnownFileType = sourcecode.swift; path = AppDelegate.swift; sourceTree = "<group>"; };
		18D5E6421C0DAE6F00060300 /* ViewController.swift */ = {isa = PBXFileReference; lastKnownFileType = sourcecode.swift; path = ViewController.swift; sourceTree = "<group>"; };
		18D5E6451C0DAE6F00060300 /* Base */ = {isa = PBXFileReference; lastKnownFileType = file.storyboard; name = Base; path = Base.lproj/Main.storyboard; sourceTree = "<group>"; };
		18D5E6471C0DAE6F00060300 /* Assets.xcassets */ = {isa = PBXFileReference; lastKnownFileType = folder.assetcatalog; path = Assets.xcassets; sourceTree = "<group>"; };
		18D5E64A1C0DAE6F00060300 /* Base */ = {isa = PBXFileReference; lastKnownFileType = file.storyboard; name = Base; path = Base.lproj/LaunchScreen.storyboard; sourceTree = "<group>"; };
		18D5E64C1C0DAE6F00060300 /* Info.plist */ = {isa = PBXFileReference; lastKnownFileType = text.plist.xml; path = Info.plist; sourceTree = "<group>"; };
		18D5E6531C0DAEFD00060300 /* UIViewController+GSAlert.swift */ = {isa = PBXFileReference; fileEncoding = 4; lastKnownFileType = sourcecode.swift; path = "UIViewController+GSAlert.swift"; sourceTree = "<group>"; };
		18D5E6551C0DAF6B00060300 /* GSAlert7Helper.swift */ = {isa = PBXFileReference; fileEncoding = 4; lastKnownFileType = sourcecode.swift; path = GSAlert7Helper.swift; sourceTree = "<group>"; };
		18D5E6571C0DAF8700060300 /* GSAlertDefine.swift */ = {isa = PBXFileReference; fileEncoding = 4; lastKnownFileType = sourcecode.swift; path = GSAlertDefine.swift; sourceTree = "<group>"; };
		18EDED671C0ED7AE00736136 /* GSAlert8Helper.swift */ = {isa = PBXFileReference; fileEncoding = 4; lastKnownFileType = sourcecode.swift; path = GSAlert8Helper.swift; sourceTree = "<group>"; };
		18EDED691C0EDDCC00736136 /* UIView+GSAlert.swift */ = {isa = PBXFileReference; fileEncoding = 4; lastKnownFileType = sourcecode.swift; path = "UIView+GSAlert.swift"; sourceTree = "<group>"; };
/* End PBXFileReference section */

/* Begin PBXFrameworksBuildPhase section */
		18D5E63A1C0DAE6F00060300 /* Frameworks */ = {
			isa = PBXFrameworksBuildPhase;
			buildActionMask = 2147483647;
			files = (
			);
			runOnlyForDeploymentPostprocessing = 0;
		};
/* End PBXFrameworksBuildPhase section */

/* Begin PBXGroup section */
		18D5E6341C0DAE6F00060300 = {
			isa = PBXGroup;
			children = (
				18D5E6521C0DAE8500060300 /* GSAlert */,
				18D5E63F1C0DAE6F00060300 /* GSAlertExample */,
				18D5E63E1C0DAE6F00060300 /* Products */,
			);
			sourceTree = "<group>";
		};
		18D5E63E1C0DAE6F00060300 /* Products */ = {
			isa = PBXGroup;
			children = (
				18D5E63D1C0DAE6F00060300 /* GSAlertExample.app */,
			);
			name = Products;
			sourceTree = "<group>";
		};
		18D5E63F1C0DAE6F00060300 /* GSAlertExample */ = {
			isa = PBXGroup;
			children = (
				18D5E6401C0DAE6F00060300 /* AppDelegate.swift */,
				18D5E6421C0DAE6F00060300 /* ViewController.swift */,
				18D5E6441C0DAE6F00060300 /* Main.storyboard */,
				18D5E6471C0DAE6F00060300 /* Assets.xcassets */,
				18D5E6491C0DAE6F00060300 /* LaunchScreen.storyboard */,
				18D5E64C1C0DAE6F00060300 /* Info.plist */,
			);
			path = GSAlertExample;
			sourceTree = "<group>";
		};
		18D5E6521C0DAE8500060300 /* GSAlert */ = {
			isa = PBXGroup;
			children = (
				18D5E6531C0DAEFD00060300 /* UIViewController+GSAlert.swift */,
				18EDED691C0EDDCC00736136 /* UIView+GSAlert.swift */,
				18D5E6551C0DAF6B00060300 /* GSAlert7Helper.swift */,
				18EDED671C0ED7AE00736136 /* GSAlert8Helper.swift */,
				18D5E6571C0DAF8700060300 /* GSAlertDefine.swift */,
			);
			name = GSAlert;
			path = ../GSAlert;
			sourceTree = "<group>";
		};
/* End PBXGroup section */

/* Begin PBXNativeTarget section */
		18D5E63C1C0DAE6F00060300 /* GSAlertExample */ = {
			isa = PBXNativeTarget;
			buildConfigurationList = 18D5E64F1C0DAE6F00060300 /* Build configuration list for PBXNativeTarget "GSAlertExample" */;
			buildPhases = (
				18D5E6391C0DAE6F00060300 /* Sources */,
				18D5E63A1C0DAE6F00060300 /* Frameworks */,
				18D5E63B1C0DAE6F00060300 /* Resources */,
			);
			buildRules = (
			);
			dependencies = (
			);
			name = GSAlertExample;
			productName = GSAlertExample;
			productReference = 18D5E63D1C0DAE6F00060300 /* GSAlertExample.app */;
			productType = "com.apple.product-type.application";
		};
/* End PBXNativeTarget section */

/* Begin PBXProject section */
		18D5E6351C0DAE6F00060300 /* Project object */ = {
			isa = PBXProject;
			attributes = {
				LastSwiftUpdateCheck = 0710;
				LastUpgradeCheck = 0710;
				ORGANIZATIONNAME = Gesen;
				TargetAttributes = {
					18D5E63C1C0DAE6F00060300 = {
						CreatedOnToolsVersion = 7.1;
					};
				};
			};
			buildConfigurationList = 18D5E6381C0DAE6F00060300 /* Build configuration list for PBXProject "GSAlertExample" */;
			compatibilityVersion = "Xcode 3.2";
			developmentRegion = English;
			hasScannedForEncodings = 0;
			knownRegions = (
				en,
				Base,
			);
			mainGroup = 18D5E6341C0DAE6F00060300;
			productRefGroup = 18D5E63E1C0DAE6F00060300 /* Products */;
			projectDirPath = "";
			projectRoot = "";
			targets = (
				18D5E63C1C0DAE6F00060300 /* GSAlertExample */,
			);
		};
/* End PBXProject section */

/* Begin PBXResourcesBuildPhase section */
		18D5E63B1C0DAE6F00060300 /* Resources */ = {
			isa = PBXResourcesBuildPhase;
			buildActionMask = 2147483647;
			files = (
				18D5E64B1C0DAE6F00060300 /* LaunchScreen.storyboard in Resources */,
				18D5E6481C0DAE6F00060300 /* Assets.xcassets in Resources */,
				18D5E6461C0DAE6F00060300 /* Main.storyboard in Resources */,
			);
			runOnlyForDeploymentPostprocessing = 0;
		};
/* End PBXResourcesBuildPhase section */

/* Begin PBXSourcesBuildPhase section */
		18D5E6391C0DAE6F00060300 /* Sources */ = {
			isa = PBXSourcesBuildPhase;
			buildActionMask = 2147483647;
			files = (
				18EDED6A1C0EDDCC00736136 /* UIView+GSAlert.swift in Sources */,
				18D5E6561C0DAF6B00060300 /* GSAlert7Helper.swift in Sources */,
				18D5E6431C0DAE6F00060300 /* ViewController.swift in Sources */,
				18D5E6581C0DAF8700060300 /* GSAlertDefine.swift in Sources */,
				18D5E6541C0DAEFD00060300 /* UIViewController+GSAlert.swift in Sources */,
				18D5E6411C0DAE6F00060300 /* AppDelegate.swift in Sources */,
				18EDED681C0ED7AE00736136 /* GSAlert8Helper.swift in Sources */,
			);
			runOnlyForDeploymentPostprocessing = 0;
		};
/* End PBXSourcesBuildPhase section */

/* Begin PBXVariantGroup section */
		18D5E6441C0DAE6F00060300 /* Main.storyboard */ = {
			isa = PBXVariantGroup;
			children = (
				18D5E6451C0DAE6F00060300 /* Base */,
			);
			name = Main.storyboard;
			sourceTree = "<group>";
		};
		18D5E6491C0DAE6F00060300 /* LaunchScreen.storyboard */ = {
			isa = PBXVariantGroup;
			children = (
				18D5E64A1C0DAE6F00060300 /* Base */,
			);
			name = LaunchScreen.storyboard;
			sourceTree = "<group>";
		};
/* End PBXVariantGroup section */

/* Begin XCBuildConfiguration section */
		18D5E64D1C0DAE6F00060300 /* Debug */ = {
			isa = XCBuildConfiguration;
			buildSettings = {
				ALWAYS_SEARCH_USER_PATHS = NO;
				CLANG_CXX_LANGUAGE_STANDARD = "gnu++0x";
				CLANG_CXX_LIBRARY = "libc++";
				CLANG_ENABLE_MODULES = YES;
				CLANG_ENABLE_OBJC_ARC = YES;
				CLANG_WARN_BOOL_CONVERSION = YES;
				CLANG_WARN_CONSTANT_CONVERSION = YES;
				CLANG_WARN_DIRECT_OBJC_ISA_USAGE = YES_ERROR;
				CLANG_WARN_EMPTY_BODY = YES;
				CLANG_WARN_ENUM_CONVERSION = YES;
				CLANG_WARN_INT_CONVERSION = YES;
				CLANG_WARN_OBJC_ROOT_CLASS = YES_ERROR;
				CLANG_WARN_UNREACHABLE_CODE = YES;
				CLANG_WARN__DUPLICATE_METHOD_MATCH = YES;
				"CODE_SIGN_IDENTITY[sdk=iphoneos*]" = "iPhone Developer";
				COPY_PHASE_STRIP = NO;
				DEBUG_INFORMATION_FORMAT = dwarf;
				ENABLE_STRICT_OBJC_MSGSEND = YES;
				ENABLE_TESTABILITY = YES;
				GCC_C_LANGUAGE_STANDARD = gnu99;
				GCC_DYNAMIC_NO_PIC = NO;
				GCC_NO_COMMON_BLOCKS = YES;
				GCC_OPTIMIZATION_LEVEL = 0;
				GCC_PREPROCESSOR_DEFINITIONS = (
					"DEBUG=1",
					"$(inherited)",
				);
				GCC_WARN_64_TO_32_BIT_CONVERSION = YES;
				GCC_WARN_ABOUT_RETURN_TYPE = YES_ERROR;
				GCC_WARN_UNDECLARED_SELECTOR = YES;
				GCC_WARN_UNINITIALIZED_AUTOS = YES_AGGRESSIVE;
				GCC_WARN_UNUSED_FUNCTION = YES;
				GCC_WARN_UNUSED_VARIABLE = YES;
				IPHONEOS_DEPLOYMENT_TARGET = 9.1;
				MTL_ENABLE_DEBUG_INFO = YES;
				ONLY_ACTIVE_ARCH = YES;
				SDKROOT = iphoneos;
				SWIFT_OPTIMIZATION_LEVEL = "-Onone";
			};
			name = Debug;
		};
		18D5E64E1C0DAE6F00060300 /* Release */ = {
			isa = XCBuildConfiguration;
			buildSettings = {
				ALWAYS_SEARCH_USER_PATHS = NO;
				CLANG_CXX_LANGUAGE_STANDARD = "gnu++0x";
				CLANG_CXX_LIBRARY = "libc++";
				CLANG_ENABLE_MODULES = YES;
				CLANG_ENABLE_OBJC_ARC = YES;
				CLANG_WARN_BOOL_CONVERSION = YES;
				CLANG_WARN_CONSTANT_CONVERSION = YES;
				CLANG_WARN_DIRECT_OBJC_ISA_USAGE = YES_ERROR;
				CLANG_WARN_EMPTY_BODY = YES;
				CLANG_WARN_ENUM_CONVERSION = YES;
				CLANG_WARN_INT_CONVERSION = YES;
				CLANG_WARN_OBJC_ROOT_CLASS = YES_ERROR;
				CLANG_WARN_UNREACHABLE_CODE = YES;
				CLANG_WARN__DUPLICATE_METHOD_MATCH = YES;
				"CODE_SIGN_IDENTITY[sdk=iphoneos*]" = "iPhone Developer";
				COPY_PHASE_STRIP = NO;
				DEBUG_INFORMATION_FORMAT = "dwarf-with-dsym";
				ENABLE_NS_ASSERTIONS = NO;
				ENABLE_STRICT_OBJC_MSGSEND = YES;
				GCC_C_LANGUAGE_STANDARD = gnu99;
				GCC_NO_COMMON_BLOCKS = YES;
				GCC_WARN_64_TO_32_BIT_CONVERSION = YES;
				GCC_WARN_ABOUT_RETURN_TYPE = YES_ERROR;
				GCC_WARN_UNDECLARED_SELECTOR = YES;
				GCC_WARN_UNINITIALIZED_AUTOS = YES_AGGRESSIVE;
				GCC_WARN_UNUSED_FUNCTION = YES;
				GCC_WARN_UNUSED_VARIABLE = YES;
				IPHONEOS_DEPLOYMENT_TARGET = 9.1;
				MTL_ENABLE_DEBUG_INFO = NO;
				SDKROOT = iphoneos;
				VALIDATE_PRODUCT = YES;
			};
			name = Release;
		};
		18D5E6501C0DAE6F00060300 /* Debug */ = {
			isa = XCBuildConfiguration;
			buildSettings = {
				ASSETCATALOG_COMPILER_APPICON_NAME = AppIcon;
				INFOPLIST_FILE = GSAlertExample/Info.plist;
				IPHONEOS_DEPLOYMENT_TARGET = 7.0;
				LD_RUNPATH_SEARCH_PATHS = "$(inherited) @executable_path/Frameworks";
				PRODUCT_BUNDLE_IDENTIFIER = me.gesen.GSAlertExample;
				PRODUCT_NAME = "$(TARGET_NAME)";
			};
			name = Debug;
		};
		18D5E6511C0DAE6F00060300 /* Release */ = {
			isa = XCBuildConfiguration;
			buildSettings = {
				ASSETCATALOG_COMPILER_APPICON_NAME = AppIcon;
				INFOPLIST_FILE = GSAlertExample/Info.plist;
				IPHONEOS_DEPLOYMENT_TARGET = 7.0;
				LD_RUNPATH_SEARCH_PATHS = "$(inherited) @executable_path/Frameworks";
				PRODUCT_BUNDLE_IDENTIFIER = me.gesen.GSAlertExample;
				PRODUCT_NAME = "$(TARGET_NAME)";
			};
			name = Release;
		};
/* End XCBuildConfiguration section */

/* Begin XCConfigurationList section */
		18D5E6381C0DAE6F00060300 /* Build configuration list for PBXProject "GSAlertExample" */ = {
			isa = XCConfigurationList;
			buildConfigurations = (
				18D5E64D1C0DAE6F00060300 /* Debug */,
				18D5E64E1C0DAE6F00060300 /* Release */,
			);
			defaultConfigurationIsVisible = 0;
			defaultConfigurationName = Release;
		};
		18D5E64F1C0DAE6F00060300 /* Build configuration list for PBXNativeTarget "GSAlertExample" */ = {
			isa = XCConfigurationList;
			buildConfigurations = (
				18D5E6501C0DAE6F00060300 /* Debug */,
				18D5E6511C0DAE6F00060300 /* Release */,
			);
			defaultConfigurationIsVisible = 0;
			defaultConfigurationName = Release;
		};
/* End XCConfigurationList section */
	};
	rootObject = 18D5E6351C0DAE6F00060300 /* Project object */;
}
